// !$*UTF8*$!
{
	archiveVersion = 1;
	classes = {
	};
	objectVersion = 56;
	objects = {

/* Begin PBXBuildFile section */
		A4FB217B2BBE22F700BE9FCD /* StudyKeeperApp.swift in Sources */ = {isa = PBXBuildFile; fileRef = A4FB217A2BBE22F700BE9FCD /* StudyKeeperApp.swift */; };
		A4FB217D2BBE22F700BE9FCD /* ContentView.swift in Sources */ = {isa = PBXBuildFile; fileRef = A4FB217C2BBE22F700BE9FCD /* ContentView.swift */; };
		A4FB217F2BBE22F900BE9FCD /* Assets.xcassets in Resources */ = {isa = PBXBuildFile; fileRef = A4FB217E2BBE22F900BE9FCD /* Assets.xcassets */; };
		A4FB21822BBE22F900BE9FCD /* Preview Assets.xcassets in Resources */ = {isa = PBXBuildFile; fileRef = A4FB21812BBE22F900BE9FCD /* Preview Assets.xcassets */; };
		A4FB218C2BBE22F900BE9FCD /* StudyKeeperTests.swift in Sources */ = {isa = PBXBuildFile; fileRef = A4FB218B2BBE22F900BE9FCD /* StudyKeeperTests.swift */; };
		A4FB21962BBE22F900BE9FCD /* StudyKeeperUITests.swift in Sources */ = {isa = PBXBuildFile; fileRef = A4FB21952BBE22F900BE9FCD /* StudyKeeperUITests.swift */; };
		A4FB21982BBE22F900BE9FCD /* StudyKeeperUITestsLaunchTests.swift in Sources */ = {isa = PBXBuildFile; fileRef = A4FB21972BBE22F900BE9FCD /* StudyKeeperUITestsLaunchTests.swift */; };
		A4FB21A52BBE2EBF00BE9FCD /* CalenderView.swift in Sources */ = {isa = PBXBuildFile; fileRef = A4FB21A42BBE2EBF00BE9FCD /* CalenderView.swift */; };
/* End PBXBuildFile section */

/* Begin PBXContainerItemProxy section */
		A4FB21882BBE22F900BE9FCD /* PBXContainerItemProxy */ = {
			isa = PBXContainerItemProxy;
			containerPortal = A4FB216F2BBE22F700BE9FCD /* Project object */;
			proxyType = 1;
			remoteGlobalIDString = A4FB21762BBE22F700BE9FCD;
			remoteInfo = StudyKeeper;
		};
		A4FB21922BBE22F900BE9FCD /* PBXContainerItemProxy */ = {
			isa = PBXContainerItemProxy;
			containerPortal = A4FB216F2BBE22F700BE9FCD /* Project object */;
			proxyType = 1;
			remoteGlobalIDString = A4FB21762BBE22F700BE9FCD;
			remoteInfo = StudyKeeper;
		};
/* End PBXContainerItemProxy section */

/* Begin PBXFileReference section */
		A4FB21772BBE22F700BE9FCD /* StudyKeeper.app */ = {isa = PBXFileReference; explicitFileType = wrapper.application; includeInIndex = 0; path = StudyKeeper.app; sourceTree = BUILT_PRODUCTS_DIR; };
		A4FB217A2BBE22F700BE9FCD /* StudyKeeperApp.swift */ = {isa = PBXFileReference; lastKnownFileType = sourcecode.swift; path = StudyKeeperApp.swift; sourceTree = "<group>"; };
		A4FB217C2BBE22F700BE9FCD /* ContentView.swift */ = {isa = PBXFileReference; lastKnownFileType = sourcecode.swift; path = ContentView.swift; sourceTree = "<group>"; };
		A4FB217E2BBE22F900BE9FCD /* Assets.xcassets */ = {isa = PBXFileReference; lastKnownFileType = folder.assetcatalog; path = Assets.xcassets; sourceTree = "<group>"; };
		A4FB21812BBE22F900BE9FCD /* Preview Assets.xcassets */ = {isa = PBXFileReference; lastKnownFileType = folder.assetcatalog; path = "Preview Assets.xcassets"; sourceTree = "<group>"; };
		A4FB21872BBE22F900BE9FCD /* StudyKeeperTests.xctest */ = {isa = PBXFileReference; explicitFileType = wrapper.cfbundle; includeInIndex = 0; path = StudyKeeperTests.xctest; sourceTree = BUILT_PRODUCTS_DIR; };
		A4FB218B2BBE22F900BE9FCD /* StudyKeeperTests.swift */ = {isa = PBXFileReference; lastKnownFileType = sourcecode.swift; path = StudyKeeperTests.swift; sourceTree = "<group>"; };
		A4FB21912BBE22F900BE9FCD /* StudyKeeperUITests.xctest */ = {isa = PBXFileReference; explicitFileType = wrapper.cfbundle; includeInIndex = 0; path = StudyKeeperUITests.xctest; sourceTree = BUILT_PRODUCTS_DIR; };
		A4FB21952BBE22F900BE9FCD /* StudyKeeperUITests.swift */ = {isa = PBXFileReference; lastKnownFileType = sourcecode.swift; path = StudyKeeperUITests.swift; sourceTree = "<group>"; };
		A4FB21972BBE22F900BE9FCD /* StudyKeeperUITestsLaunchTests.swift */ = {isa = PBXFileReference; lastKnownFileType = sourcecode.swift; path = StudyKeeperUITestsLaunchTests.swift; sourceTree = "<group>"; };
		A4FB21A42BBE2EBF00BE9FCD /* CalenderView.swift */ = {isa = PBXFileReference; lastKnownFileType = sourcecode.swift; path = CalenderView.swift; sourceTree = "<group>"; };
/* End PBXFileReference section */

/* Begin PBXFrameworksBuildPhase section */
		A4FB21742BBE22F700BE9FCD /* Frameworks */ = {
			isa = PBXFrameworksBuildPhase;
			buildActionMask = 2147483647;
			files = (
			);
			runOnlyForDeploymentPostprocessing = 0;
		};
		A4FB21842BBE22F900BE9FCD /* Frameworks */ = {
			isa = PBXFrameworksBuildPhase;
			buildActionMask = 2147483647;
			files = (
			);
			runOnlyForDeploymentPostprocessing = 0;
		};
		A4FB218E2BBE22F900BE9FCD /* Frameworks */ = {
			isa = PBXFrameworksBuildPhase;
			buildActionMask = 2147483647;
			files = (
			);
			runOnlyForDeploymentPostprocessing = 0;
		};
/* End PBXFrameworksBuildPhase section */

/* Begin PBXGroup section */
		A4FB216E2BBE22F700BE9FCD = {
			isa = PBXGroup;
			children = (
				A4FB21792BBE22F700BE9FCD /* StudyKeeper */,
				A4FB218A2BBE22F900BE9FCD /* StudyKeeperTests */,
				A4FB21942BBE22F900BE9FCD /* StudyKeeperUITests */,
				A4FB21782BBE22F700BE9FCD /* Products */,
			);
			sourceTree = "<group>";
		};
		A4FB21782BBE22F700BE9FCD /* Products */ = {
			isa = PBXGroup;
			children = (
				A4FB21772BBE22F700BE9FCD /* StudyKeeper.app */,
				A4FB21872BBE22F900BE9FCD /* StudyKeeperTests.xctest */,
				A4FB21912BBE22F900BE9FCD /* StudyKeeperUITests.xctest */,
			);
			name = Products;
			sourceTree = "<group>";
		};
		A4FB21792BBE22F700BE9FCD /* StudyKeeper */ = {
			isa = PBXGroup;
			children = (
				A4FB217A2BBE22F700BE9FCD /* StudyKeeperApp.swift */,
				A4FB217C2BBE22F700BE9FCD /* ContentView.swift */,
				A4FB21A42BBE2EBF00BE9FCD /* CalenderView.swift */,
				A4FB217E2BBE22F900BE9FCD /* Assets.xcassets */,
				A4FB21802BBE22F900BE9FCD /* Preview Content */,
			);
			path = StudyKeeper;
			sourceTree = "<group>";
		};
		A4FB21802BBE22F900BE9FCD /* Preview Content */ = {
			isa = PBXGroup;
			children = (
				A4FB21812BBE22F900BE9FCD /* Preview Assets.xcassets */,
			);
			path = "Preview Content";
			sourceTree = "<group>";
		};
		A4FB218A2BBE22F900BE9FCD /* StudyKeeperTests */ = {
			isa = PBXGroup;
			children = (
				A4FB218B2BBE22F900BE9FCD /* StudyKeeperTests.swift */,
			);
			path = StudyKeeperTests;
			sourceTree = "<group>";
		};
		A4FB21942BBE22F900BE9FCD /* StudyKeeperUITests */ = {
			isa = PBXGroup;
			children = (
				A4FB21952BBE22F900BE9FCD /* StudyKeeperUITests.swift */,
				A4FB21972BBE22F900BE9FCD /* StudyKeeperUITestsLaunchTests.swift */,
			);
			path = StudyKeeperUITests;
			sourceTree = "<group>";
		};
/* End PBXGroup section */

/* Begin PBXNativeTarget section */
		A4FB21762BBE22F700BE9FCD /* StudyKeeper */ = {
			isa = PBXNativeTarget;
			buildConfigurationList = A4FB219B2BBE22F900BE9FCD /* Build configuration list for PBXNativeTarget "StudyKeeper" */;
			buildPhases = (
				A4FB21732BBE22F700BE9FCD /* Sources */,
				A4FB21742BBE22F700BE9FCD /* Frameworks */,
				A4FB21752BBE22F700BE9FCD /* Resources */,
			);
			buildRules = (
			);
			dependencies = (
			);
			name = StudyKeeper;
			productName = StudyKeeper;
			productReference = A4FB21772BBE22F700BE9FCD /* StudyKeeper.app */;
			productType = "com.apple.product-type.application";
		};
		A4FB21862BBE22F900BE9FCD /* StudyKeeperTests */ = {
			isa = PBXNativeTarget;
			buildConfigurationList = A4FB219E2BBE22F900BE9FCD /* Build configuration list for PBXNativeTarget "StudyKeeperTests" */;
			buildPhases = (
				A4FB21832BBE22F900BE9FCD /* Sources */,
				A4FB21842BBE22F900BE9FCD /* Frameworks */,
				A4FB21852BBE22F900BE9FCD /* Resources */,
			);
			buildRules = (
			);
			dependencies = (
				A4FB21892BBE22F900BE9FCD /* PBXTargetDependency */,
			);
			name = StudyKeeperTests;
			productName = StudyKeeperTests;
			productReference = A4FB21872BBE22F900BE9FCD /* StudyKeeperTests.xctest */;
			productType = "com.apple.product-type.bundle.unit-test";
		};
		A4FB21902BBE22F900BE9FCD /* StudyKeeperUITests */ = {
			isa = PBXNativeTarget;
			buildConfigurationList = A4FB21A12BBE22F900BE9FCD /* Build configuration list for PBXNativeTarget "StudyKeeperUITests" */;
			buildPhases = (
				A4FB218D2BBE22F900BE9FCD /* Sources */,
				A4FB218E2BBE22F900BE9FCD /* Frameworks */,
				A4FB218F2BBE22F900BE9FCD /* Resources */,
			);
			buildRules = (
			);
			dependencies = (
				A4FB21932BBE22F900BE9FCD /* PBXTargetDependency */,
			);
			name = StudyKeeperUITests;
			productName = StudyKeeperUITests;
			productReference = A4FB21912BBE22F900BE9FCD /* StudyKeeperUITests.xctest */;
			productType = "com.apple.product-type.bundle.ui-testing";
		};
/* End PBXNativeTarget section */

/* Begin PBXProject section */
		A4FB216F2BBE22F700BE9FCD /* Project object */ = {
			isa = PBXProject;
			attributes = {
				BuildIndependentTargetsInParallel = 1;
				LastSwiftUpdateCheck = 1530;
				LastUpgradeCheck = 1530;
				TargetAttributes = {
					A4FB21762BBE22F700BE9FCD = {
						CreatedOnToolsVersion = 15.3;
					};
					A4FB21862BBE22F900BE9FCD = {
						CreatedOnToolsVersion = 15.3;
						TestTargetID = A4FB21762BBE22F700BE9FCD;
					};
					A4FB21902BBE22F900BE9FCD = {
						CreatedOnToolsVersion = 15.3;
						TestTargetID = A4FB21762BBE22F700BE9FCD;
					};
				};
			};
			buildConfigurationList = A4FB21722BBE22F700BE9FCD /* Build configuration list for PBXProject "StudyKeeper" */;
			compatibilityVersion = "Xcode 14.0";
			developmentRegion = en;
			hasScannedForEncodings = 0;
			knownRegions = (
				en,
				Base,
			);
			mainGroup = A4FB216E2BBE22F700BE9FCD;
			productRefGroup = A4FB21782BBE22F700BE9FCD /* Products */;
			projectDirPath = "";
			projectRoot = "";
			targets = (
				A4FB21762BBE22F700BE9FCD /* StudyKeeper */,
				A4FB21862BBE22F900BE9FCD /* StudyKeeperTests */,
				A4FB21902BBE22F900BE9FCD /* StudyKeeperUITests */,
			);
		};
/* End PBXProject section */

/* Begin PBXResourcesBuildPhase section */
		A4FB21752BBE22F700BE9FCD /* Resources */ = {
			isa = PBXResourcesBuildPhase;
			buildActionMask = 2147483647;
			files = (
				A4FB21822BBE22F900BE9FCD /* Preview Assets.xcassets in Resources */,
				A4FB217F2BBE22F900BE9FCD /* Assets.xcassets in Resources */,
			);
			runOnlyForDeploymentPostprocessing = 0;
		};
		A4FB21852BBE22F900BE9FCD /* Resources */ = {
			isa = PBXResourcesBuildPhase;
			buildActionMask = 2147483647;
			files = (
			);
			runOnlyForDeploymentPostprocessing = 0;
		};
		A4FB218F2BBE22F900BE9FCD /* Resources */ = {
			isa = PBXResourcesBuildPhase;
			buildActionMask = 2147483647;
			files = (
			);
			runOnlyForDeploymentPostprocessing = 0;
		};
/* End PBXResourcesBuildPhase section */

/* Begin PBXSourcesBuildPhase section */
		A4FB21732BBE22F700BE9FCD /* Sources */ = {
			isa = PBXSourcesBuildPhase;
			buildActionMask = 2147483647;
			files = (
				A4FB217D2BBE22F700BE9FCD /* ContentView.swift in Sources */,
				A4FB217B2BBE22F700BE9FCD /* StudyKeeperApp.swift in Sources */,
				A4FB21A52BBE2EBF00BE9FCD /* CalenderView.swift in Sources */,
			);
			runOnlyForDeploymentPostprocessing = 0;
		};
		A4FB21832BBE22F900BE9FCD /* Sources */ = {
			isa = PBXSourcesBuildPhase;
			buildActionMask = 2147483647;
			files = (
				A4FB218C2BBE22F900BE9FCD /* StudyKeeperTests.swift in Sources */,
			);
			runOnlyForDeploymentPostprocessing = 0;
		};
		A4FB218D2BBE22F900BE9FCD /* Sources */ = {
			isa = PBXSourcesBuildPhase;
			buildActionMask = 2147483647;
			files = (
				A4FB21982BBE22F900BE9FCD /* StudyKeeperUITestsLaunchTests.swift in Sources */,
				A4FB21962BBE22F900BE9FCD /* StudyKeeperUITests.swift in Sources */,
			);
			runOnlyForDeploymentPostprocessing = 0;
		};
/* End PBXSourcesBuildPhase section */

/* Begin PBXTargetDependency section */
		A4FB21892BBE22F900BE9FCD /* PBXTargetDependency */ = {
			isa = PBXTargetDependency;
			target = A4FB21762BBE22F700BE9FCD /* StudyKeeper */;
			targetProxy = A4FB21882BBE22F900BE9FCD /* PBXContainerItemProxy */;
		};
		A4FB21932BBE22F900BE9FCD /* PBXTargetDependency */ = {
			isa = PBXTargetDependency;
			target = A4FB21762BBE22F700BE9FCD /* StudyKeeper */;
			targetProxy = A4FB21922BBE22F900BE9FCD /* PBXContainerItemProxy */;
		};
/* End PBXTargetDependency section */

/* Begin XCBuildConfiguration section */
		A4FB21992BBE22F900BE9FCD /* Debug */ = {
			isa = XCBuildConfiguration;
			buildSettings = {
				ALWAYS_SEARCH_USER_PATHS = NO;
				ASSETCATALOG_COMPILER_GENERATE_SWIFT_ASSET_SYMBOL_EXTENSIONS = YES;
				CLANG_ANALYZER_NONNULL = YES;
				CLANG_ANALYZER_NUMBER_OBJECT_CONVERSION = YES_AGGRESSIVE;
				CLANG_CXX_LANGUAGE_STANDARD = "gnu++20";
				CLANG_ENABLE_MODULES = YES;
				CLANG_ENABLE_OBJC_ARC = YES;
				CLANG_ENABLE_OBJC_WEAK = YES;
				CLANG_WARN_BLOCK_CAPTURE_AUTORELEASING = YES;
				CLANG_WARN_BOOL_CONVERSION = YES;
				CLANG_WARN_COMMA = YES;
				CLANG_WARN_CONSTANT_CONVERSION = YES;
				CLANG_WARN_DEPRECATED_OBJC_IMPLEMENTATIONS = YES;
				CLANG_WARN_DIRECT_OBJC_ISA_USAGE = YES_ERROR;
				CLANG_WARN_DOCUMENTATION_COMMENTS = YES;
				CLANG_WARN_EMPTY_BODY = YES;
				CLANG_WARN_ENUM_CONVERSION = YES;
				CLANG_WARN_INFINITE_RECURSION = YES;
				CLANG_WARN_INT_CONVERSION = YES;
				CLANG_WARN_NON_LITERAL_NULL_CONVERSION = YES;
				CLANG_WARN_OBJC_IMPLICIT_RETAIN_SELF = YES;
				CLANG_WARN_OBJC_LITERAL_CONVERSION = YES;
				CLANG_WARN_OBJC_ROOT_CLASS = YES_ERROR;
				CLANG_WARN_QUOTED_INCLUDE_IN_FRAMEWORK_HEADER = YES;
				CLANG_WARN_RANGE_LOOP_ANALYSIS = YES;
				CLANG_WARN_STRICT_PROTOTYPES = YES;
				CLANG_WARN_SUSPICIOUS_MOVE = YES;
				CLANG_WARN_UNGUARDED_AVAILABILITY = YES_AGGRESSIVE;
				CLANG_WARN_UNREACHABLE_CODE = YES;
				CLANG_WARN__DUPLICATE_METHOD_MATCH = YES;
				COPY_PHASE_STRIP = NO;
				DEBUG_INFORMATION_FORMAT = dwarf;
				ENABLE_STRICT_OBJC_MSGSEND = YES;
				ENABLE_TESTABILITY = YES;
				ENABLE_USER_SCRIPT_SANDBOXING = YES;
				GCC_C_LANGUAGE_STANDARD = gnu17;
				GCC_DYNAMIC_NO_PIC = NO;
				GCC_NO_COMMON_BLOCKS = YES;
				GCC_OPTIMIZATION_LEVEL = 0;
				GCC_PREPROCESSOR_DEFINITIONS = (
					"DEBUG=1",
					"$(inherited)",
				);
				GCC_WARN_64_TO_32_BIT_CONVERSION = YES;
				GCC_WARN_ABOUT_RETURN_TYPE = YES_ERROR;
				GCC_WARN_UNDECLARED_SELECTOR = YES;
				GCC_WARN_UNINITIALIZED_AUTOS = YES_AGGRESSIVE;
				GCC_WARN_UNUSED_FUNCTION = YES;
				GCC_WARN_UNUSED_VARIABLE = YES;
				IPHONEOS_DEPLOYMENT_TARGET = 17.4;
				LOCALIZATION_PREFERS_STRING_CATALOGS = YES;
				MTL_ENABLE_DEBUG_INFO = INCLUDE_SOURCE;
				MTL_FAST_MATH = YES;
				ONLY_ACTIVE_ARCH = YES;
				SDKROOT = iphoneos;
				SWIFT_ACTIVE_COMPILATION_CONDITIONS = "DEBUG $(inherited)";
				SWIFT_OPTIMIZATION_LEVEL = "-Onone";
			};
			name = Debug;
		};
		A4FB219A2BBE22F900BE9FCD /* Release */ = {
			isa = XCBuildConfiguration;
			buildSettings = {
				ALWAYS_SEARCH_USER_PATHS = NO;
				ASSETCATALOG_COMPILER_GENERATE_SWIFT_ASSET_SYMBOL_EXTENSIONS = YES;
				CLANG_ANALYZER_NONNULL = YES;
				CLANG_ANALYZER_NUMBER_OBJECT_CONVERSION = YES_AGGRESSIVE;
				CLANG_CXX_LANGUAGE_STANDARD = "gnu++20";
				CLANG_ENABLE_MODULES = YES;
				CLANG_ENABLE_OBJC_ARC = YES;
				CLANG_ENABLE_OBJC_WEAK = YES;
				CLANG_WARN_BLOCK_CAPTURE_AUTORELEASING = YES;
				CLANG_WARN_BOOL_CONVERSION = YES;
				CLANG_WARN_COMMA = YES;
				CLANG_WARN_CONSTANT_CONVERSION = YES;
				CLANG_WARN_DEPRECATED_OBJC_IMPLEMENTATIONS = YES;
				CLANG_WARN_DIRECT_OBJC_ISA_USAGE = YES_ERROR;
				CLANG_WARN_DOCUMENTATION_COMMENTS = YES;
				CLANG_WARN_EMPTY_BODY = YES;
				CLANG_WARN_ENUM_CONVERSION = YES;
				CLANG_WARN_INFINITE_RECURSION = YES;
				CLANG_WARN_INT_CONVERSION = YES;
				CLANG_WARN_NON_LITERAL_NULL_CONVERSION = YES;
				CLANG_WARN_OBJC_IMPLICIT_RETAIN_SELF = YES;
				CLANG_WARN_OBJC_LITERAL_CONVERSION = YES;
				CLANG_WARN_OBJC_ROOT_CLASS = YES_ERROR;
				CLANG_WARN_QUOTED_INCLUDE_IN_FRAMEWORK_HEADER = YES;
				CLANG_WARN_RANGE_LOOP_ANALYSIS = YES;
				CLANG_WARN_STRICT_PROTOTYPES = YES;
				CLANG_WARN_SUSPICIOUS_MOVE = YES;
				CLANG_WARN_UNGUARDED_AVAILABILITY = YES_AGGRESSIVE;
				CLANG_WARN_UNREACHABLE_CODE = YES;
				CLANG_WARN__DUPLICATE_METHOD_MATCH = YES;
				COPY_PHASE_STRIP = NO;
				DEBUG_INFORMATION_FORMAT = "dwarf-with-dsym";
				ENABLE_NS_ASSERTIONS = NO;
				ENABLE_STRICT_OBJC_MSGSEND = YES;
				ENABLE_USER_SCRIPT_SANDBOXING = YES;
				GCC_C_LANGUAGE_STANDARD = gnu17;
				GCC_NO_COMMON_BLOCKS = YES;
				GCC_WARN_64_TO_32_BIT_CONVERSION = YES;
				GCC_WARN_ABOUT_RETURN_TYPE = YES_ERROR;
				GCC_WARN_UNDECLARED_SELECTOR = YES;
				GCC_WARN_UNINITIALIZED_AUTOS = YES_AGGRESSIVE;
				GCC_WARN_UNUSED_FUNCTION = YES;
				GCC_WARN_UNUSED_VARIABLE = YES;
				IPHONEOS_DEPLOYMENT_TARGET = 17.4;
				LOCALIZATION_PREFERS_STRING_CATALOGS = YES;
				MTL_ENABLE_DEBUG_INFO = NO;
				MTL_FAST_MATH = YES;
				SDKROOT = iphoneos;
				SWIFT_COMPILATION_MODE = wholemodule;
				VALIDATE_PRODUCT = YES;
			};
			name = Release;
		};
		A4FB219C2BBE22F900BE9FCD /* Debug */ = {
			isa = XCBuildConfiguration;
			buildSettings = {
				ASSETCATALOG_COMPILER_APPICON_NAME = AppIcon;
				ASSETCATALOG_COMPILER_GLOBAL_ACCENT_COLOR_NAME = AccentColor;
				CODE_SIGN_STYLE = Automatic;
				CURRENT_PROJECT_VERSION = 1;
				DEVELOPMENT_ASSET_PATHS = "\"StudyKeeper/Preview Content\"";
				DEVELOPMENT_TEAM = YVRX4X5TG5;
				ENABLE_PREVIEWS = YES;
				GENERATE_INFOPLIST_FILE = YES;
				INFOPLIST_KEY_UIApplicationSceneManifest_Generation = YES;
				INFOPLIST_KEY_UIApplicationSupportsIndirectInputEvents = YES;
				INFOPLIST_KEY_UILaunchScreen_Generation = YES;
				INFOPLIST_KEY_UISupportedInterfaceOrientations_iPad = "UIInterfaceOrientationPortrait UIInterfaceOrientationPortraitUpsideDown UIInterfaceOrientationLandscapeLeft UIInterfaceOrientationLandscapeRight";
				INFOPLIST_KEY_UISupportedInterfaceOrientations_iPhone = "UIInterfaceOrientationPortrait UIInterfaceOrientationLandscapeLeft UIInterfaceOrientationLandscapeRight";
				LD_RUNPATH_SEARCH_PATHS = (
					"$(inherited)",
					"@executable_path/Frameworks",
				);
				MARKETING_VERSION = 1.0;
				PRODUCT_BUNDLE_IDENTIFIER = ynarafu.StudyKeeper;
				PRODUCT_NAME = "$(TARGET_NAME)";
				SWIFT_EMIT_LOC_STRINGS = YES;
				SWIFT_VERSION = 5.0;
				TARGETED_DEVICE_FAMILY = "1,2";
			};
			name = Debug;
		};
		A4FB219D2BBE22F900BE9FCD /* Release */ = {
			isa = XCBuildConfiguration;
			buildSettings = {
				ASSETCATALOG_COMPILER_APPICON_NAME = AppIcon;
				ASSETCATALOG_COMPILER_GLOBAL_ACCENT_COLOR_NAME = AccentColor;
				CODE_SIGN_STYLE = Automatic;
				CURRENT_PROJECT_VERSION = 1;
				DEVELOPMENT_ASSET_PATHS = "\"StudyKeeper/Preview Content\"";
				DEVELOPMENT_TEAM = YVRX4X5TG5;
				ENABLE_PREVIEWS = YES;
				GENERATE_INFOPLIST_FILE = YES;
				INFOPLIST_KEY_UIApplicationSceneManifest_Generation = YES;
				INFOPLIST_KEY_UIApplicationSupportsIndirectInputEvents = YES;
				INFOPLIST_KEY_UILaunchScreen_Generation = YES;
				INFOPLIST_KEY_UISupportedInterfaceOrientations_iPad = "UIInterfaceOrientationPortrait UIInterfaceOrientationPortraitUpsideDown UIInterfaceOrientationLandscapeLeft UIInterfaceOrientationLandscapeRight";
				INFOPLIST_KEY_UISupportedInterfaceOrientations_iPhone = "UIInterfaceOrientationPortrait UIInterfaceOrientationLandscapeLeft UIInterfaceOrientationLandscapeRight";
				LD_RUNPATH_SEARCH_PATHS = (
					"$(inherited)",
					"@executable_path/Frameworks",
				);
				MARKETING_VERSION = 1.0;
				PRODUCT_BUNDLE_IDENTIFIER = ynarafu.StudyKeeper;
				PRODUCT_NAME = "$(TARGET_NAME)";
				SWIFT_EMIT_LOC_STRINGS = YES;
				SWIFT_VERSION = 5.0;
				TARGETED_DEVICE_FAMILY = "1,2";
			};
			name = Release;
		};
		A4FB219F2BBE22F900BE9FCD /* Debug */ = {
			isa = XCBuildConfiguration;
			buildSettings = {
				ALWAYS_EMBED_SWIFT_STANDARD_LIBRARIES = YES;
				BUNDLE_LOADER = "$(TEST_HOST)";
				CODE_SIGN_STYLE = Automatic;
				CURRENT_PROJECT_VERSION = 1;
				DEVELOPMENT_TEAM = YVRX4X5TG5;
				GENERATE_INFOPLIST_FILE = YES;
				IPHONEOS_DEPLOYMENT_TARGET = 17.4;
				MARKETING_VERSION = 1.0;
				PRODUCT_BUNDLE_IDENTIFIER = ynarafu.StudyKeeperTests;
				PRODUCT_NAME = "$(TARGET_NAME)";
				SWIFT_EMIT_LOC_STRINGS = NO;
				SWIFT_VERSION = 5.0;
				TARGETED_DEVICE_FAMILY = "1,2";
				TEST_HOST = "$(BUILT_PRODUCTS_DIR)/StudyKeeper.app/$(BUNDLE_EXECUTABLE_FOLDER_PATH)/StudyKeeper";
			};
			name = Debug;
		};
		A4FB21A02BBE22F900BE9FCD /* Release */ = {
			isa = XCBuildConfiguration;
			buildSettings = {
				ALWAYS_EMBED_SWIFT_STANDARD_LIBRARIES = YES;
				BUNDLE_LOADER = "$(TEST_HOST)";
				CODE_SIGN_STYLE = Automatic;
				CURRENT_PROJECT_VERSION = 1;
				DEVELOPMENT_TEAM = YVRX4X5TG5;
				GENERATE_INFOPLIST_FILE = YES;
				IPHONEOS_DEPLOYMENT_TARGET = 17.4;
				MARKETING_VERSION = 1.0;
				PRODUCT_BUNDLE_IDENTIFIER = ynarafu.StudyKeeperTests;
				PRODUCT_NAME = "$(TARGET_NAME)";
				SWIFT_EMIT_LOC_STRINGS = NO;
				SWIFT_VERSION = 5.0;
				TARGETED_DEVICE_FAMILY = "1,2";
				TEST_HOST = "$(BUILT_PRODUCTS_DIR)/StudyKeeper.app/$(BUNDLE_EXECUTABLE_FOLDER_PATH)/StudyKeeper";
			};
			name = Release;
		};
		A4FB21A22BBE22F900BE9FCD /* Debug */ = {
			isa = XCBuildConfiguration;
			buildSettings = {
				ALWAYS_EMBED_SWIFT_STANDARD_LIBRARIES = YES;
				CODE_SIGN_STYLE = Automatic;
				CURRENT_PROJECT_VERSION = 1;
				DEVELOPMENT_TEAM = YVRX4X5TG5;
				GENERATE_INFOPLIST_FILE = YES;
				MARKETING_VERSION = 1.0;
				PRODUCT_BUNDLE_IDENTIFIER = ynarafu.StudyKeeperUITests;
				PRODUCT_NAME = "$(TARGET_NAME)";
				SWIFT_EMIT_LOC_STRINGS = NO;
				SWIFT_VERSION = 5.0;
				TARGETED_DEVICE_FAMILY = "1,2";
				TEST_TARGET_NAME = StudyKeeper;
			};
			name = Debug;
		};
		A4FB21A32BBE22F900BE9FCD /* Release */ = {
			isa = XCBuildConfiguration;
			buildSettings = {
				ALWAYS_EMBED_SWIFT_STANDARD_LIBRARIES = YES;
				CODE_SIGN_STYLE = Automatic;
				CURRENT_PROJECT_VERSION = 1;
				DEVELOPMENT_TEAM = YVRX4X5TG5;
				GENERATE_INFOPLIST_FILE = YES;
				MARKETING_VERSION = 1.0;
				PRODUCT_BUNDLE_IDENTIFIER = ynarafu.StudyKeeperUITests;
				PRODUCT_NAME = "$(TARGET_NAME)";
				SWIFT_EMIT_LOC_STRINGS = NO;
				SWIFT_VERSION = 5.0;
				TARGETED_DEVICE_FAMILY = "1,2";
				TEST_TARGET_NAME = StudyKeeper;
			};
			name = Release;
		};
/* End XCBuildConfiguration section */

/* Begin XCConfigurationList section */
		A4FB21722BBE22F700BE9FCD /* Build configuration list for PBXProject "StudyKeeper" */ = {
			isa = XCConfigurationList;
			buildConfigurations = (
				A4FB21992BBE22F900BE9FCD /* Debug */,
				A4FB219A2BBE22F900BE9FCD /* Release */,
			);
			defaultConfigurationIsVisible = 0;
			defaultConfigurationName = Release;
		};
		A4FB219B2BBE22F900BE9FCD /* Build configuration list for PBXNativeTarget "StudyKeeper" */ = {
			isa = XCConfigurationList;
			buildConfigurations = (
				A4FB219C2BBE22F900BE9FCD /* Debug */,
				A4FB219D2BBE22F900BE9FCD /* Release */,
			);
			defaultConfigurationIsVisible = 0;
			defaultConfigurationName = Release;
		};
		A4FB219E2BBE22F900BE9FCD /* Build configuration list for PBXNativeTarget "StudyKeeperTests" */ = {
			isa = XCConfigurationList;
			buildConfigurations = (
				A4FB219F2BBE22F900BE9FCD /* Debug */,
				A4FB21A02BBE22F900BE9FCD /* Release */,
			);
			defaultConfigurationIsVisible = 0;
			defaultConfigurationName = Release;
		};
		A4FB21A12BBE22F900BE9FCD /* Build configuration list for PBXNativeTarget "StudyKeeperUITests" */ = {
			isa = XCConfigurationList;
			buildConfigurations = (
				A4FB21A22BBE22F900BE9FCD /* Debug */,
				A4FB21A32BBE22F900BE9FCD /* Release */,
			);
			defaultConfigurationIsVisible = 0;
			defaultConfigurationName = Release;
		};
/* End XCConfigurationList section */
	};
	rootObject = A4FB216F2BBE22F700BE9FCD /* Project object */;
}
